
Microsoft Visual Studio Solution File, Format Version 12.00
# Visual Studio Version 16
VisualStudioVersion = 16.0.34031.81
MinimumVisualStudioVersion = 10.0.40219.1
Project("{2150E333-8FDC-42A3-9474-1A3956D46DE8}") = "Task0", "Task0", "{E6A2DCDD-3F1A-423B-AF34-F7C328C761EB}"
EndProject
Project("{FAE04EC0-301F-11D3-BF4B-00C04F79EFBC}") = "Tyuiu.ZavgorodnyayaZA.Sprint0.Task0.V0", "Tyuiu.ZavgorodnyayaZA.Sprint0.Task0.V0\Tyuiu.ZavgorodnyayaZA.Sprint0.Task0.V0.csproj", "{1EA836E6-02BF-4106-ACDD-AAB3A7788B27}"
EndProject
Project("{2150E333-8FDC-42A3-9474-1A3956D46DE8}") = "Task1", "Task1", "{D8168381-87DC-4404-BF78-92771536B676}"
EndProject
Project("{FAE04EC0-301F-11D3-BF4B-00C04F79EFBC}") = "Tyuiu.ZavgorodnyayaZA.Sprint0.Task1.V0", "Tyuiu.ZavgorodnyayaZA.Sprint0.Task1.V0\Tyuiu.ZavgorodnyayaZA.Sprint0.Task1.V0.csproj", "{804B8763-67DD-4956-A4D1-32A284036187}"
EndProject
Project("{2150E333-8FDC-42A3-9474-1A3956D46DE8}") = "Task2", "Task2", "{54AB087A-8656-4045-9413-5C4133609CD4}"
EndProject
Project("{FAE04EC0-301F-11D3-BF4B-00C04F79EFBC}") = "Tyuiu.ZavgorodnyayaZA.Sprint0.Task2.V0", "Tyuiu.ZavgorodnyayaZA.Sprint0.Task2.V0\Tyuiu.ZavgorodnyayaZA.Sprint0.Task2.V0.csproj", "{A1FBE067-319C-4761-A2B2-3A4425B2FA3D}"
EndProject
Project("{FAE04EC0-301F-11D3-BF4B-00C04F79EFBC}") = "Tyuiu.ZavgorodnyayaZA.Sprint0.Task2.V0.Lib", "Tyuiu.ZavgorodnyayaZA.Sprint0.Task2.V0.Lib\Tyuiu.ZavgorodnyayaZA.Sprint0.Task2.V0.Lib.csproj", "{3D7605CC-8329-4028-AF41-EAA025500459}"
EndProject
Project("{FAE04EC0-301F-11D3-BF4B-00C04F79EFBC}") = "Tyuiu.ZavgorodnyayaZA.Sprint0.Task2.V0.Test", "Tyuiu.ZavgorodnyayaZA.Sprint0.Task2.V0.Test\Tyuiu.ZavgorodnyayaZA.Sprint0.Task2.V0.Test.csproj", "{CCC2088F-15F6-450B-9525-28256AA81500}"
EndProject
Global
	GlobalSection(SolutionConfigurationPlatforms) = preSolution
		Debug|Any CPU = Debug|Any CPU
		Release|Any CPU = Release|Any CPU
	EndGlobalSection
	GlobalSection(ProjectConfigurationPlatforms) = postSolution
		{1EA836E6-02BF-4106-ACDD-AAB3A7788B27}.Debug|Any CPU.ActiveCfg = Debug|Any CPU
		{1EA836E6-02BF-4106-ACDD-AAB3A7788B27}.Debug|Any CPU.Build.0 = Debug|Any CPU
		{1EA836E6-02BF-4106-ACDD-AAB3A7788B27}.Release|Any CPU.ActiveCfg = Release|Any CPU
		{1EA836E6-02BF-4106-ACDD-AAB3A7788B27}.Release|Any CPU.Build.0 = Release|Any CPU
		{804B8763-67DD-4956-A4D1-32A284036187}.Debug|Any CPU.ActiveCfg = Debug|Any CPU
		{804B8763-67DD-4956-A4D1-32A284036187}.Debug|Any CPU.Build.0 = Debug|Any CPU
		{804B8763-67DD-4956-A4D1-32A284036187}.Release|Any CPU.ActiveCfg = Release|Any CPU
		{804B8763-67DD-4956-A4D1-32A284036187}.Release|Any CPU.Build.0 = Release|Any CPU
		{A1FBE067-319C-4761-A2B2-3A4425B2FA3D}.Debug|Any CPU.ActiveCfg = Debug|Any CPU
		{A1FBE067-319C-4761-A2B2-3A4425B2FA3D}.Debug|Any CPU.Build.0 = Debug|Any CPU
		{A1FBE067-319C-4761-A2B2-3A4425B2FA3D}.Release|Any CPU.ActiveCfg = Release|Any CPU
		{A1FBE067-319C-4761-A2B2-3A4425B2FA3D}.Release|Any CPU.Build.0 = Release|Any CPU
		{3D7605CC-8329-4028-AF41-EAA025500459}.Debug|Any CPU.ActiveCfg = Debug|Any CPU
		{3D7605CC-8329-4028-AF41-EAA025500459}.Debug|Any CPU.Build.0 = Debug|Any CPU
		{3D7605CC-8329-4028-AF41-EAA025500459}.Release|Any CPU.ActiveCfg = Release|Any CPU
		{3D7605CC-8329-4028-AF41-EAA025500459}.Release|Any CPU.Build.0 = Release|Any CPU
		{CCC2088F-15F6-450B-9525-28256AA81500}.Debug|Any CPU.ActiveCfg = Debug|Any CPU
		{CCC2088F-15F6-450B-9525-28256AA81500}.Debug|Any CPU.Build.0 = Debug|Any CPU
		{CCC2088F-15F6-450B-9525-28256AA81500}.Release|Any CPU.ActiveCfg = Release|Any CPU
		{CCC2088F-15F6-450B-9525-28256AA81500}.Release|Any CPU.Build.0 = Release|Any CPU
	EndGlobalSection
	GlobalSection(SolutionProperties) = preSolution
		HideSolutionNode = FALSE
	EndGlobalSection
	GlobalSection(NestedProjects) = preSolution
		{1EA836E6-02BF-4106-ACDD-AAB3A7788B27} = {E6A2DCDD-3F1A-423B-AF34-F7C328C761EB}
		{804B8763-67DD-4956-A4D1-32A284036187} = {D8168381-87DC-4404-BF78-92771536B676}
		{A1FBE067-319C-4761-A2B2-3A4425B2FA3D} = {54AB087A-8656-4045-9413-5C4133609CD4}
		{3D7605CC-8329-4028-AF41-EAA025500459} = {54AB087A-8656-4045-9413-5C4133609CD4}
		{CCC2088F-15F6-450B-9525-28256AA81500} = {54AB087A-8656-4045-9413-5C4133609CD4}
	EndGlobalSection
	GlobalSection(ExtensibilityGlobals) = postSolution
		SolutionGuid = {0C5A0609-DF1A-4CB5-9656-A3B4EB2A1BB8}
	EndGlobalSection
EndGlobal
