
Microsoft Visual Studio Solution File, Format Version 12.00
# Visual Studio Version 16
VisualStudioVersion = 16.0.34031.81
MinimumVisualStudioVersion = 10.0.40219.1
Project("{2150E333-8FDC-42A3-9474-1A3956D46DE8}") = "Task0", "Task0", "{E6A2DCDD-3F1A-423B-AF34-F7C328C761EB}"
EndProject
Project("{FAE04EC0-301F-11D3-BF4B-00C04F79EFBC}") = "Tyuiu.ZavgorodnyayaZA.Sprint0.Task0.V0", "Tyuiu.ZavgorodnyayaZA.Sprint0.Task0.V0\Tyuiu.ZavgorodnyayaZA.Sprint0.Task0.V0.csproj", "{1EA836E6-02BF-4106-ACDD-AAB3A7788B27}"
EndProject
Project("{2150E333-8FDC-42A3-9474-1A3956D46DE8}") = "Task1", "Task1", "{D8168381-87DC-4404-BF78-92771536B676}"
EndProject
Project("{FAE04EC0-301F-11D3-BF4B-00C04F79EFBC}") = "Tyuiu.ZavgorodnyayaZA.Sprint0.Task1.V0", "Tyuiu.ZavgorodnyayaZA.Sprint0.Task1.V0\Tyuiu.ZavgorodnyayaZA.Sprint0.Task1.V0.csproj", "{804B8763-67DD-4956-A4D1-32A284036187}"
EndProject
Project("{2150E333-8FDC-42A3-9474-1A3956D46DE8}") = "Task2", "Task2", "{54AB087A-8656-4045-9413-5C4133609CD4}"
EndProject
Project("{FAE04EC0-301F-11D3-BF4B-00C04F79EFBC}") = "Tyuiu.ZavgorodnyayaZA.Sprint0.Task2.V0", "Tyuiu.ZavgorodnyayaZA.Sprint0.Task2.V0\Tyuiu.ZavgorodnyayaZA.Sprint0.Task2.V0.csproj", "{A1FBE067-319C-4761-A2B2-3A4425B2FA3D}"
EndProject
Project("{FAE04EC0-301F-11D3-BF4B-00C04F79EFBC}") = "Tyuiu.ZavgorodnyayaZA.Sprint0.Task2.V0.Lib", "Tyuiu.ZavgorodnyayaZA.Sprint0.Task2.V0.Lib\Tyuiu.ZavgorodnyayaZA.Sprint0.Task2.V0.Lib.csproj", "{3D7605CC-8329-4028-AF41-EAA025500459}"
EndProject
Project("{FAE04EC0-301F-11D3-BF4B-00C04F79EFBC}") = "Tyuiu.ZavgorodnyayaZA.Sprint0.Task2.V0.Test", "Tyuiu.ZavgorodnyayaZA.Sprint0.Task2.V0.Test\Tyuiu.ZavgorodnyayaZA.Sprint0.Task2.V0.Test.csproj", "{CCC2088F-15F6-450B-9525-28256AA81500}"
EndProject
Project("{2150E333-8FDC-42A3-9474-1A3956D46DE8}") = "Task3", "Task3", "{37265BC6-6D22-410A-951C-E4163533353E}"
EndProject
Project("{FAE04EC0-301F-11D3-BF4B-00C04F79EFBC}") = "Tyuiu.ZavgorodnyayaZA.Sprint0.Task3.V0", "Tyuiu.ZavgorodnyayaZA.Sprint0.Task3.V0\Tyuiu.ZavgorodnyayaZA.Sprint0.Task3.V0.csproj", "{811A0AE1-1E72-4B74-85A8-C5A07CD16726}"
EndProject
Project("{FAE04EC0-301F-11D3-BF4B-00C04F79EFBC}") = "Tyuiu.ZavgorodnyayaZA.Sprint0.Task3.V0.Lib", "Tyuiu.ZavgorodnyayaZA.Sprint0.Task3.V0.Lib\Tyuiu.ZavgorodnyayaZA.Sprint0.Task3.V0.Lib.csproj", "{16124E3A-8BF9-463E-9948-861D1C516E01}"
EndProject
Project("{FAE04EC0-301F-11D3-BF4B-00C04F79EFBC}") = "Tyuiu.ZavgorodnyayaZA.Sprint0.Task3.V0.Test", "Tyuiu.ZavgorodnyayaZA.Sprint0.Task3.V0.Test\Tyuiu.ZavgorodnyayaZA.Sprint0.Task3.V0.Test.csproj", "{77EE3E84-89CE-4951-82FD-9C1D150A682F}"
EndProject
Project("{2150E333-8FDC-42A3-9474-1A3956D46DE8}") = "Task4", "Task4", "{72AD5933-80E4-459D-803B-52CA4D5821EA}"
EndProject
Project("{FAE04EC0-301F-11D3-BF4B-00C04F79EFBC}") = "Tyuiu.ZavgorodnyayaZA.Sprint0.Task4.V0", "Tyuiu.ZavgorodnyayaZA.Sprint0.Task4.V0\Tyuiu.ZavgorodnyayaZA.Sprint0.Task4.V0.csproj", "{0052A048-DFF1-4EF1-BD3E-CCF70E2394C1}"
EndProject
Project("{FAE04EC0-301F-11D3-BF4B-00C04F79EFBC}") = "Tyuiu.ZavgorodnyayaZA.Sprint0.Task4.V0.Lib", "Tyuiu.ZavgorodnyayaZA.Sprint0.Task4.V0.Lib\Tyuiu.ZavgorodnyayaZA.Sprint0.Task4.V0.Lib.csproj", "{8ED918C4-29A2-4950-98DC-964B48715F15}"
EndProject
Project("{FAE04EC0-301F-11D3-BF4B-00C04F79EFBC}") = "Tyuiu.ZavgorodnyayaZA.Sprint0.Task4.V0.Test", "Tyuiu.ZavgorodnyayaZA.Sprint0.Task4.V0.Test\Tyuiu.ZavgorodnyayaZA.Sprint0.Task4.V0.Test.csproj", "{01AB24FB-BF81-4EFA-AB50-9300C7E70F54}"
EndProject
Project("{2150E333-8FDC-42A3-9474-1A3956D46DE8}") = "Task5", "Task5", "{436C6542-B0F6-43E7-8342-FEA876921F83}"
EndProject
Project("{FAE04EC0-301F-11D3-BF4B-00C04F79EFBC}") = "Tyuiu.ZavgorodnyayaZA.Sprint0.Task5.V0", "Tyuiu.ZavgorodnyayaZA.Sprint0.Task5.V0\Tyuiu.ZavgorodnyayaZA.Sprint0.Task5.V0.csproj", "{E33B1D78-571B-4D69-8E36-B6DFF73B71CB}"
EndProject
Project("{FAE04EC0-301F-11D3-BF4B-00C04F79EFBC}") = "Tyuiu.ZavgorodnyayaZA.Sprint0.Task5.V0.Lib", "Tyuiu.ZavgorodnyayaZA.Sprint0.Task5.V0.Lib\Tyuiu.ZavgorodnyayaZA.Sprint0.Task5.V0.Lib.csproj", "{EDD063C4-B17D-4B05-98D6-6BA5526B20D8}"
EndProject
Project("{FAE04EC0-301F-11D3-BF4B-00C04F79EFBC}") = "Tyuiu.ZavgorodnyayaZA.Sprint0.Task5.V0.Test", "Tyuiu.ZavgorodnyayaZA.Sprint0.Task5.V0.Test\Tyuiu.ZavgorodnyayaZA.Sprint0.Task5.V0.Test.csproj", "{52937AB0-F91F-444E-BF97-A0ECFF2522CE}"
EndProject
Project("{2150E333-8FDC-42A3-9474-1A3956D46DE8}") = "Task6", "Task6", "{164DEAA2-B6A9-466B-98BE-5C64D031FCD0}"
EndProject
Project("{FAE04EC0-301F-11D3-BF4B-00C04F79EFBC}") = "Tyuiu.ZavgorodnyayaZA.Sprint0.Task6.V0", "Tyuiu.ZavgorodnyayaZA.Sprint0.Task6.V0\Tyuiu.ZavgorodnyayaZA.Sprint0.Task6.V0.csproj", "{7D8F56B7-35C7-4158-B128-7D1F44216559}"
EndProject
Project("{FAE04EC0-301F-11D3-BF4B-00C04F79EFBC}") = "Tyuiu.ZavgorodnyayaZA.Sprint0.Task6.V0.Lib", "Tyuiu.ZavgorodnyayaZA.Sprint0.Task6.V0.Lib\Tyuiu.ZavgorodnyayaZA.Sprint0.Task6.V0.Lib.csproj", "{933AC7F2-E089-4FDB-BFA3-E57876440D72}"
EndProject
Project("{FAE04EC0-301F-11D3-BF4B-00C04F79EFBC}") = "Tyuiu.ZavgorodnyayaZA.Sprint0.Task6.V0.Test", "Tyuiu.ZavgorodnyayaZA.Sprint0.Task6.V0.Test\Tyuiu.ZavgorodnyayaZA.Sprint0.Task6.V0.Test.csproj", "{0F8E36F4-1148-480C-BA6F-FC3766BA4D3B}"
EndProject
Project("{2150E333-8FDC-42A3-9474-1A3956D46DE8}") = "Task7", "Task7", "{D51CFCC1-0054-43A0-84F2-F1F6CCD9F086}"
EndProject
Project("{FAE04EC0-301F-11D3-BF4B-00C04F79EFBC}") = "Tyuiu.ZavgorodnyayaZA.Sprint0.Task7.V0", "Tyuiu.ZavgorodnyayaZA.Sprint0.Task7.V0\Tyuiu.ZavgorodnyayaZA.Sprint0.Task7.V0.csproj", "{C1990AA1-C154-4AFD-AEA4-FA664D62DE0A}"
EndProject
Project("{FAE04EC0-301F-11D3-BF4B-00C04F79EFBC}") = "Tyuiu.ZavgorodnyayaZA.Sprint0.Task7.V0.Lib", "Tyuiu.ZavgorodnyayaZA.Sprint0.Task7.V0.Lib\Tyuiu.ZavgorodnyayaZA.Sprint0.Task7.V0.Lib.csproj", "{7AF1BD57-E680-4F7C-ACF0-BE2F4FAE2FAD}"
EndProject
Project("{FAE04EC0-301F-11D3-BF4B-00C04F79EFBC}") = "Tyuiu.ZavgorodnyayaZA.Sprint0.Task7.V0.Test", "Tyuiu.ZavgorodnyayaZA.Sprint0.Task7.V0.Test\Tyuiu.ZavgorodnyayaZA.Sprint0.Task7.V0.Test.csproj", "{F60EFF15-1F9C-40B1-9CDF-3BDCDD993054}"
EndProject
Global
	GlobalSection(SolutionConfigurationPlatforms) = preSolution
		Debug|Any CPU = Debug|Any CPU
		Release|Any CPU = Release|Any CPU
	EndGlobalSection
	GlobalSection(ProjectConfigurationPlatforms) = postSolution
		{1EA836E6-02BF-4106-ACDD-AAB3A7788B27}.Debug|Any CPU.ActiveCfg = Debug|Any CPU
		{1EA836E6-02BF-4106-ACDD-AAB3A7788B27}.Debug|Any CPU.Build.0 = Debug|Any CPU
		{1EA836E6-02BF-4106-ACDD-AAB3A7788B27}.Release|Any CPU.ActiveCfg = Release|Any CPU
		{1EA836E6-02BF-4106-ACDD-AAB3A7788B27}.Release|Any CPU.Build.0 = Release|Any CPU
		{804B8763-67DD-4956-A4D1-32A284036187}.Debug|Any CPU.ActiveCfg = Debug|Any CPU
		{804B8763-67DD-4956-A4D1-32A284036187}.Debug|Any CPU.Build.0 = Debug|Any CPU
		{804B8763-67DD-4956-A4D1-32A284036187}.Release|Any CPU.ActiveCfg = Release|Any CPU
		{804B8763-67DD-4956-A4D1-32A284036187}.Release|Any CPU.Build.0 = Release|Any CPU
		{A1FBE067-319C-4761-A2B2-3A4425B2FA3D}.Debug|Any CPU.ActiveCfg = Debug|Any CPU
		{A1FBE067-319C-4761-A2B2-3A4425B2FA3D}.Debug|Any CPU.Build.0 = Debug|Any CPU
		{A1FBE067-319C-4761-A2B2-3A4425B2FA3D}.Release|Any CPU.ActiveCfg = Release|Any CPU
		{A1FBE067-319C-4761-A2B2-3A4425B2FA3D}.Release|Any CPU.Build.0 = Release|Any CPU
		{3D7605CC-8329-4028-AF41-EAA025500459}.Debug|Any CPU.ActiveCfg = Debug|Any CPU
		{3D7605CC-8329-4028-AF41-EAA025500459}.Debug|Any CPU.Build.0 = Debug|Any CPU
		{3D7605CC-8329-4028-AF41-EAA025500459}.Release|Any CPU.ActiveCfg = Release|Any CPU
		{3D7605CC-8329-4028-AF41-EAA025500459}.Release|Any CPU.Build.0 = Release|Any CPU
		{CCC2088F-15F6-450B-9525-28256AA81500}.Debug|Any CPU.ActiveCfg = Debug|Any CPU
		{CCC2088F-15F6-450B-9525-28256AA81500}.Debug|Any CPU.Build.0 = Debug|Any CPU
		{CCC2088F-15F6-450B-9525-28256AA81500}.Release|Any CPU.ActiveCfg = Release|Any CPU
		{CCC2088F-15F6-450B-9525-28256AA81500}.Release|Any CPU.Build.0 = Release|Any CPU
		{811A0AE1-1E72-4B74-85A8-C5A07CD16726}.Debug|Any CPU.ActiveCfg = Debug|Any CPU
		{811A0AE1-1E72-4B74-85A8-C5A07CD16726}.Debug|Any CPU.Build.0 = Debug|Any CPU
		{811A0AE1-1E72-4B74-85A8-C5A07CD16726}.Release|Any CPU.ActiveCfg = Release|Any CPU
		{811A0AE1-1E72-4B74-85A8-C5A07CD16726}.Release|Any CPU.Build.0 = Release|Any CPU
		{16124E3A-8BF9-463E-9948-861D1C516E01}.Debug|Any CPU.ActiveCfg = Debug|Any CPU
		{16124E3A-8BF9-463E-9948-861D1C516E01}.Debug|Any CPU.Build.0 = Debug|Any CPU
		{16124E3A-8BF9-463E-9948-861D1C516E01}.Release|Any CPU.ActiveCfg = Release|Any CPU
		{16124E3A-8BF9-463E-9948-861D1C516E01}.Release|Any CPU.Build.0 = Release|Any CPU
		{77EE3E84-89CE-4951-82FD-9C1D150A682F}.Debug|Any CPU.ActiveCfg = Debug|Any CPU
		{77EE3E84-89CE-4951-82FD-9C1D150A682F}.Debug|Any CPU.Build.0 = Debug|Any CPU
		{77EE3E84-89CE-4951-82FD-9C1D150A682F}.Release|Any CPU.ActiveCfg = Release|Any CPU
		{77EE3E84-89CE-4951-82FD-9C1D150A682F}.Release|Any CPU.Build.0 = Release|Any CPU
		{0052A048-DFF1-4EF1-BD3E-CCF70E2394C1}.Debug|Any CPU.ActiveCfg = Debug|Any CPU
		{0052A048-DFF1-4EF1-BD3E-CCF70E2394C1}.Debug|Any CPU.Build.0 = Debug|Any CPU
		{0052A048-DFF1-4EF1-BD3E-CCF70E2394C1}.Release|Any CPU.ActiveCfg = Release|Any CPU
		{0052A048-DFF1-4EF1-BD3E-CCF70E2394C1}.Release|Any CPU.Build.0 = Release|Any CPU
		{8ED918C4-29A2-4950-98DC-964B48715F15}.Debug|Any CPU.ActiveCfg = Debug|Any CPU
		{8ED918C4-29A2-4950-98DC-964B48715F15}.Debug|Any CPU.Build.0 = Debug|Any CPU
		{8ED918C4-29A2-4950-98DC-964B48715F15}.Release|Any CPU.ActiveCfg = Release|Any CPU
		{8ED918C4-29A2-4950-98DC-964B48715F15}.Release|Any CPU.Build.0 = Release|Any CPU
		{01AB24FB-BF81-4EFA-AB50-9300C7E70F54}.Debug|Any CPU.ActiveCfg = Debug|Any CPU
		{01AB24FB-BF81-4EFA-AB50-9300C7E70F54}.Debug|Any CPU.Build.0 = Debug|Any CPU
		{01AB24FB-BF81-4EFA-AB50-9300C7E70F54}.Release|Any CPU.ActiveCfg = Release|Any CPU
		{01AB24FB-BF81-4EFA-AB50-9300C7E70F54}.Release|Any CPU.Build.0 = Release|Any CPU
		{E33B1D78-571B-4D69-8E36-B6DFF73B71CB}.Debug|Any CPU.ActiveCfg = Debug|Any CPU
		{E33B1D78-571B-4D69-8E36-B6DFF73B71CB}.Debug|Any CPU.Build.0 = Debug|Any CPU
		{E33B1D78-571B-4D69-8E36-B6DFF73B71CB}.Release|Any CPU.ActiveCfg = Release|Any CPU
		{E33B1D78-571B-4D69-8E36-B6DFF73B71CB}.Release|Any CPU.Build.0 = Release|Any CPU
		{EDD063C4-B17D-4B05-98D6-6BA5526B20D8}.Debug|Any CPU.ActiveCfg = Debug|Any CPU
		{EDD063C4-B17D-4B05-98D6-6BA5526B20D8}.Debug|Any CPU.Build.0 = Debug|Any CPU
		{EDD063C4-B17D-4B05-98D6-6BA5526B20D8}.Release|Any CPU.ActiveCfg = Release|Any CPU
		{EDD063C4-B17D-4B05-98D6-6BA5526B20D8}.Release|Any CPU.Build.0 = Release|Any CPU
		{52937AB0-F91F-444E-BF97-A0ECFF2522CE}.Debug|Any CPU.ActiveCfg = Debug|Any CPU
		{52937AB0-F91F-444E-BF97-A0ECFF2522CE}.Debug|Any CPU.Build.0 = Debug|Any CPU
		{52937AB0-F91F-444E-BF97-A0ECFF2522CE}.Release|Any CPU.ActiveCfg = Release|Any CPU
		{52937AB0-F91F-444E-BF97-A0ECFF2522CE}.Release|Any CPU.Build.0 = Release|Any CPU
		{7D8F56B7-35C7-4158-B128-7D1F44216559}.Debug|Any CPU.ActiveCfg = Debug|Any CPU
		{7D8F56B7-35C7-4158-B128-7D1F44216559}.Debug|Any CPU.Build.0 = Debug|Any CPU
		{7D8F56B7-35C7-4158-B128-7D1F44216559}.Release|Any CPU.ActiveCfg = Release|Any CPU
		{7D8F56B7-35C7-4158-B128-7D1F44216559}.Release|Any CPU.Build.0 = Release|Any CPU
		{933AC7F2-E089-4FDB-BFA3-E57876440D72}.Debug|Any CPU.ActiveCfg = Debug|Any CPU
		{933AC7F2-E089-4FDB-BFA3-E57876440D72}.Debug|Any CPU.Build.0 = Debug|Any CPU
		{933AC7F2-E089-4FDB-BFA3-E57876440D72}.Release|Any CPU.ActiveCfg = Release|Any CPU
		{933AC7F2-E089-4FDB-BFA3-E57876440D72}.Release|Any CPU.Build.0 = Release|Any CPU
		{0F8E36F4-1148-480C-BA6F-FC3766BA4D3B}.Debug|Any CPU.ActiveCfg = Debug|Any CPU
		{0F8E36F4-1148-480C-BA6F-FC3766BA4D3B}.Debug|Any CPU.Build.0 = Debug|Any CPU
		{0F8E36F4-1148-480C-BA6F-FC3766BA4D3B}.Release|Any CPU.ActiveCfg = Release|Any CPU
		{0F8E36F4-1148-480C-BA6F-FC3766BA4D3B}.Release|Any CPU.Build.0 = Release|Any CPU
		{C1990AA1-C154-4AFD-AEA4-FA664D62DE0A}.Debug|Any CPU.ActiveCfg = Debug|Any CPU
		{C1990AA1-C154-4AFD-AEA4-FA664D62DE0A}.Debug|Any CPU.Build.0 = Debug|Any CPU
		{C1990AA1-C154-4AFD-AEA4-FA664D62DE0A}.Release|Any CPU.ActiveCfg = Release|Any CPU
		{C1990AA1-C154-4AFD-AEA4-FA664D62DE0A}.Release|Any CPU.Build.0 = Release|Any CPU
		{7AF1BD57-E680-4F7C-ACF0-BE2F4FAE2FAD}.Debug|Any CPU.ActiveCfg = Debug|Any CPU
		{7AF1BD57-E680-4F7C-ACF0-BE2F4FAE2FAD}.Debug|Any CPU.Build.0 = Debug|Any CPU
		{7AF1BD57-E680-4F7C-ACF0-BE2F4FAE2FAD}.Release|Any CPU.ActiveCfg = Release|Any CPU
		{7AF1BD57-E680-4F7C-ACF0-BE2F4FAE2FAD}.Release|Any CPU.Build.0 = Release|Any CPU
		{F60EFF15-1F9C-40B1-9CDF-3BDCDD993054}.Debug|Any CPU.ActiveCfg = Debug|Any CPU
		{F60EFF15-1F9C-40B1-9CDF-3BDCDD993054}.Debug|Any CPU.Build.0 = Debug|Any CPU
		{F60EFF15-1F9C-40B1-9CDF-3BDCDD993054}.Release|Any CPU.ActiveCfg = Release|Any CPU
		{F60EFF15-1F9C-40B1-9CDF-3BDCDD993054}.Release|Any CPU.Build.0 = Release|Any CPU
	EndGlobalSection
	GlobalSection(SolutionProperties) = preSolution
		HideSolutionNode = FALSE
	EndGlobalSection
	GlobalSection(NestedProjects) = preSolution
		{1EA836E6-02BF-4106-ACDD-AAB3A7788B27} = {E6A2DCDD-3F1A-423B-AF34-F7C328C761EB}
		{804B8763-67DD-4956-A4D1-32A284036187} = {D8168381-87DC-4404-BF78-92771536B676}
		{A1FBE067-319C-4761-A2B2-3A4425B2FA3D} = {54AB087A-8656-4045-9413-5C4133609CD4}
		{3D7605CC-8329-4028-AF41-EAA025500459} = {54AB087A-8656-4045-9413-5C4133609CD4}
		{CCC2088F-15F6-450B-9525-28256AA81500} = {54AB087A-8656-4045-9413-5C4133609CD4}
		{811A0AE1-1E72-4B74-85A8-C5A07CD16726} = {37265BC6-6D22-410A-951C-E4163533353E}
		{16124E3A-8BF9-463E-9948-861D1C516E01} = {37265BC6-6D22-410A-951C-E4163533353E}
		{77EE3E84-89CE-4951-82FD-9C1D150A682F} = {37265BC6-6D22-410A-951C-E4163533353E}
		{0052A048-DFF1-4EF1-BD3E-CCF70E2394C1} = {72AD5933-80E4-459D-803B-52CA4D5821EA}
		{8ED918C4-29A2-4950-98DC-964B48715F15} = {72AD5933-80E4-459D-803B-52CA4D5821EA}
		{01AB24FB-BF81-4EFA-AB50-9300C7E70F54} = {72AD5933-80E4-459D-803B-52CA4D5821EA}
		{E33B1D78-571B-4D69-8E36-B6DFF73B71CB} = {436C6542-B0F6-43E7-8342-FEA876921F83}
		{EDD063C4-B17D-4B05-98D6-6BA5526B20D8} = {436C6542-B0F6-43E7-8342-FEA876921F83}
		{52937AB0-F91F-444E-BF97-A0ECFF2522CE} = {436C6542-B0F6-43E7-8342-FEA876921F83}
		{7D8F56B7-35C7-4158-B128-7D1F44216559} = {164DEAA2-B6A9-466B-98BE-5C64D031FCD0}
		{933AC7F2-E089-4FDB-BFA3-E57876440D72} = {164DEAA2-B6A9-466B-98BE-5C64D031FCD0}
		{0F8E36F4-1148-480C-BA6F-FC3766BA4D3B} = {164DEAA2-B6A9-466B-98BE-5C64D031FCD0}
		{C1990AA1-C154-4AFD-AEA4-FA664D62DE0A} = {D51CFCC1-0054-43A0-84F2-F1F6CCD9F086}
		{7AF1BD57-E680-4F7C-ACF0-BE2F4FAE2FAD} = {D51CFCC1-0054-43A0-84F2-F1F6CCD9F086}
		{F60EFF15-1F9C-40B1-9CDF-3BDCDD993054} = {D51CFCC1-0054-43A0-84F2-F1F6CCD9F086}
	EndGlobalSection
	GlobalSection(ExtensibilityGlobals) = postSolution
		SolutionGuid = {0C5A0609-DF1A-4CB5-9656-A3B4EB2A1BB8}
	EndGlobalSection
EndGlobal
